lockfileVersion: '9.0'

settings:
  autoInstallPeers: true
  excludeLinksFromLockfile: false

importers:

  .:
    dependencies:
      '@wirecat/legacy-cli':
        specifier: npm:@wirecat/max-cli@0.43.1
        version: '@wirecat/max-cli@0.43.1(zod@4.6.5)'
      '@wirecat/previous-cli':
        specifier: npm:@wirecat/max-cli@0.44.0
        version: '@wirecat/max-cli@0.44.0(zod@4.6.5)'

packages:

  '@anthropic-ai/sdk@0.131.0':
    resolution: {integrity: sha512-9+PepoU7qVMmM70jSahdnfcMHAvAnzhMOLv2W9WjRLO+OG/MAiBETkwKZqv7KIJ1Cj5h8eZ019bHzZaq+Mbepw==}
    hasBin: true
    peerDependencies:
      zod: ^3.25.0 || ^4.0.0
    peerDependenciesMeta:
      zod:
        optional: true

  '@babel/runtime@7.29.10':
    resolution: {integrity: sha512-NpugTzbKgGrNe45Ui32cN8vCFFMxVtP/9rtfwv0nP5FRDAjvYBxJcLVpYA9mr1jxP6cnIT7x9LUzuDTbWYYNRA==}
    engines: {node: '>=6.9.0'}

  '@bomb.sh/tab@0.0.22':
    resolution: {integrity: sha512-l5IuWpV7szqG4MM6A7I+qPMmP2qPMq2TD4veIXaOH0sD53dV0Tv8WZPARp5O5Kp4+y4fnVCl3VL1HZKNghO1yg==}
    hasBin: true
    peerDependencies:
      cac: ^6.7.14 || ^7.0.0
      citty: ^0.1.6 || ^0.2.0
      commander: ^13.1.0 || ^14.0.0 || ^15.0.0
    peerDependenciesMeta:
      cac:
        optional: true
      citty:
        optional: true
      commander:
        optional: true

  '@colors/colors@1.5.0':
    resolution: {integrity: sha512-ooWCrlZP11i8GImSjTHYHLkvFDP48nS4+204nGb1RiX/WXYHmJA2III9/e2DWVabCESdW7hBAEzHRqUn9OUVvQ==}
    engines: {node: '>=0.1.90'}

  '@eshaz/web-worker@1.2.2':
    resolution: {integrity: sha512-WxXiHFmD9u/owrzempiDlBB1ZYqiLnm9s6aPc8AlFQalq2tKmqdmMr9GXOupDgzXtqnBipj8Un0gkIm7Sjf8mw==}

  '@huggingface/tokenizers@0.2.0':
    resolution: {integrity: sha512-LidMHe1FpcSYH4vcSjXooda34pC0M8m1gmDOv7SQi6Iv+ib1zX7J3sHBCC9/3FPCkn2k1b55FneVqMRxrr99pg==}

  '@modelcontextprotocol/core@2.1.0':
    resolution: {integrity: sha512-YdFj5gMRHr0gYNAhTbQDgjLHiEJdIAUYxomhKseUNye7ZGlISQmUoLh2sveFFCiQ7j2YMffT1kgSND0FSfIFjQ==}
    engines: {node: '>=20'}

  '@modelcontextprotocol/server@2.1.0':
    resolution: {integrity: sha512-FdvwZU5N03O77Suh35JqjAqq5R1ZTEPFtwu6N4BgBq28qrQtrCnpbLL5U2pwYCuE194jAw0xnlOVmIqhfoYuUQ==}
    engines: {node: '>=20'}

  '@msgpack/msgpack@3.1.3':
    resolution: {integrity: sha512-47XIizs9XZXvuJgoaJUIE2lFoID8ugvc0jzSHP+Ptfk8nTbnR8g788wv48N03Kx0UkAv559HWRQ3yzOgzlRNUA==}
    engines: {node: '>= 18'}

  '@napi-rs/keyring-darwin-arm64@2.1.0':
    resolution: {integrity: sha512-j6ATTOhmPW+N5EKwi8Yzn6P4Bz/uqnxzyYvqOL73/dgzDSYG5pS5eprqpVmOLse68WUTf79ZMqz97HnfvirJ9g==}
    engines: {node: '>= 10'}
    cpu: [arm64]
    os: [darwin]

  '@napi-rs/keyring-darwin-x64@2.1.0':
    resolution: {integrity: sha512-54Q803nguiOaQzBG2h4uIkacI0eLGAlzzdpxPNi6IZtXbjqbPI4AQ86GrQy25tw3czBqRPBoGu0lHP2U+/f5iA==}
    engines: {node: '>= 10'}
    cpu: [x64]
    os: [darwin]

  '@napi-rs/keyring-freebsd-x64@2.1.0':
    resolution: {integrity: sha512-BL7ngJAYQBrUp1PTF8enOXOIVfxN51RbwVOEQ+8eAjWypF/5Ipqs8oQoMqkuc0wAbk+vatnNVjdKCIFa/HPglg==}
    engines: {node: '>= 10'}
    cpu: [x64]
    os: [freebsd]

  '@napi-rs/keyring-linux-arm-gnueabihf@2.1.0':
    resolution: {integrity: sha512-JYgbCDk+giss7lKla8NTXhM/fLj+Hrfgr3xwKQ8jKn8qMD6vXLwYcfK8HJ9VoAcjIeYEUpCL6dRszJC5M4zFNg==}
    engines: {node: '>= 10'}
    cpu: [arm]
    os: [linux]

  '@napi-rs/keyring-linux-arm64-gnu@2.1.0':
    resolution: {integrity: sha512-+PMONFQ+2GkBXG7vRG2spgR73bNCMeVpNopHoSmhj2E+5Gu6zJooRBjoaIZKj6hCyrOU8pXAhoZ22EEFQ/4YeQ==}
    engines: {node: '>= 10'}
    cpu: [arm64]
    os: [linux]
    libc: [glibc]

  '@napi-rs/keyring-linux-arm64-musl@2.1.0':
    resolution: {integrity: sha512-dKjiXKTHQjAS57hL0HVzLpW9XYNGFpfYkr/51FzIIvbZR08PAnzIDYKwShoNYGvjQP6+rDFf1a5Utl0aWwcFrA==}
    engines: {node: '>= 10'}
    cpu: [arm64]
    os: [linux]
    libc: [musl]

  '@napi-rs/keyring-linux-riscv64-gnu@2.1.0':
    resolution: {integrity: sha512-tqhb0ofhtEJ2+ZfmlKTDHbmIoNSz+SSTPWRgMfSVCgI4JVkqDdfcmIOcThZfRffJ3QI9C3Tng+rZL24acmD+GA==}
    engines: {node: '>= 10'}
    cpu: [riscv64]
    os: [linux]
    libc: [glibc]

  '@napi-rs/keyring-linux-x64-gnu@2.1.0':
    resolution: {integrity: sha512-7ZA0ssxfpuGXV8S5Ct1ZJoEL3sKg/8u7mIL4SK9/PwKBhxIq7K+FVcjnggNsuFnEhHTX+HYl9hHDrlX0odZnHg==}
    engines: {node: '>= 10'}
    cpu: [x64]
    os: [linux]
    libc: [glibc]

  '@napi-rs/keyring-linux-x64-musl@2.1.0':
    resolution: {integrity: sha512-dI74Fzl03CrN2TEP7YVBtUBFgyRTRPyK1LMcIgAUfgW3o6f5SD1a8EsfT82+brpFOltjOhacIlFiYOkYtSI5Fg==}
    engines: {node: '>= 10'}
    cpu: [x64]
    os: [linux]
    libc: [musl]

  '@napi-rs/keyring-win32-arm64-msvc@2.1.0':
    resolution: {integrity: sha512-SltrXXkEe9a+Jv8ConDkZW2Mdr0srpWurS7oYkYP1Mp07DNBpFyqawRnyo4p7ZvQU3e+R6irj/Fq0epCCvVUXA==}
    engines: {node: '>= 10'}
    cpu: [arm64]
    os: [win32]

  '@napi-rs/keyring-win32-ia32-msvc@2.1.0':
    resolution: {integrity: sha512-l5wJQhqXkAfQ4FGxoRh0wMpL9VxVmfiYI5TTeOGNupuVsQvbHmysh8gfDQBBWVhyMENHJS2OqOSYIuqVjumAtA==}
    engines: {node: '>= 10'}
    cpu: [ia32]
    os: [win32]

  '@napi-rs/keyring-win32-x64-msvc@2.1.0':
    resolution: {integrity: sha512-3zYwO7dhJiUNyv2te81ujXm2vGxHwgx+z2eBm0dTYe3aWpvKQVzpfxCp/7cViJs8duVYE04wVOgXiRhRCMEq2w==}
    engines: {node: '>= 10'}
    cpu: [x64]
    os: [win32]

  '@napi-rs/keyring@2.1.0':
    resolution: {integrity: sha512-km9J3fomkGSLpImpelq0cMvLBrJ5eVlTzuWdG3Iy0laP6gU90MmHYjqhUhG32aYq0/0++r2TLuAA9xlnh4XU1g==}
    engines: {node: '>= 10'}

  '@pinojs/redact@0.4.0':
    resolution: {integrity: sha512-k2ENnmBugE/rzQfEcdWHcCY+/FM3VLzH9cYEsbdsoqrvzAKRhUZeRNhAZvB8OitQJ1TBed3yqWtdjzS6wJKBwg==}

  '@resvg/resvg-js-android-arm-eabi@2.6.2':
    resolution: {integrity: sha512-FrJibrAk6v29eabIPgcTUMPXiEz8ssrAk7TXxsiZzww9UTQ1Z5KAbFJs+Z0Ez+VZTYgnE5IQJqBcoSiMebtPHA==}
    engines: {node: '>= 10'}
    cpu: [arm]
    os: [android]

  '@resvg/resvg-js-android-arm64@2.6.2':
    resolution: {integrity: sha512-VcOKezEhm2VqzXpcIJoITuvUS/fcjIw5NA/w3tjzWyzmvoCdd+QXIqy3FBGulWdClvp4g+IfUemigrkLThSjAQ==}
    engines: {node: '>= 10'}
    cpu: [arm64]
    os: [android]

  '@resvg/resvg-js-darwin-arm64@2.6.2':
    resolution: {integrity: sha512-nmok2LnAd6nLUKI16aEB9ydMC6Lidiiq2m1nEBDR1LaaP7FGs4AJ90qDraxX+CWlVuRlvNjyYJTNv8qFjtL9+A==}
    engines: {node: '>= 10'}
    cpu: [arm64]
    os: [darwin]

  '@resvg/resvg-js-darwin-x64@2.6.2':
    resolution: {integrity: sha512-GInyZLjgWDfsVT6+SHxQVRwNzV0AuA1uqGsOAW+0th56J7Nh6bHHKXHBWzUrihxMetcFDmQMAX1tZ1fZDYSRsw==}
    engines: {node: '>= 10'}
    cpu: [x64]
    os: [darwin]

  '@resvg/resvg-js-linux-arm-gnueabihf@2.6.2':
    resolution: {integrity: sha512-YIV3u/R9zJbpqTTNwTZM5/ocWetDKGsro0SWp70eGEM9eV2MerWyBRZnQIgzU3YBnSBQ1RcxRZvY/UxwESfZIw==}
    engines: {node: '>= 10'}
    cpu: [arm]
    os: [linux]

  '@resvg/resvg-js-linux-arm64-gnu@2.6.2':
    resolution: {integrity: sha512-zc2BlJSim7YR4FZDQ8OUoJg5holYzdiYMeobb9pJuGDidGL9KZUv7SbiD4E8oZogtYY42UZEap7dqkkYuA91pg==}
    engines: {node: '>= 10'}
    cpu: [arm64]
    os: [linux]
    libc: [glibc]

  '@resvg/resvg-js-linux-arm64-musl@2.6.2':
    resolution: {integrity: sha512-3h3dLPWNgSsD4lQBJPb4f+kvdOSJHa5PjTYVsWHxLUzH4IFTJUAnmuWpw4KqyQ3NA5QCyhw4TWgxk3jRkQxEKg==}
    engines: {node: '>= 10'}
    cpu: [arm64]
    os: [linux]
    libc: [musl]

  '@resvg/resvg-js-linux-x64-gnu@2.6.2':
    resolution: {integrity: sha512-IVUe+ckIerA7xMZ50duAZzwf1U7khQe2E0QpUxu5MBJNao5RqC0zwV/Zm965vw6D3gGFUl7j4m+oJjubBVoftw==}
    engines: {node: '>= 10'}
    cpu: [x64]
    os: [linux]
    libc: [glibc]

  '@resvg/resvg-js-linux-x64-musl@2.6.2':
    resolution: {integrity: sha512-UOf83vqTzoYQO9SZ0fPl2ZIFtNIz/Rr/y+7X8XRX1ZnBYsQ/tTb+cj9TE+KHOdmlTFBxhYzVkP2lRByCzqi4jQ==}
    engines: {node: '>= 10'}
    cpu: [x64]
    os: [linux]
    libc: [musl]

  '@resvg/resvg-js-win32-arm64-msvc@2.6.2':
    resolution: {integrity: sha512-7C/RSgCa+7vqZ7qAbItfiaAWhyRSoD4l4BQAbVDqRRsRgY+S+hgS3in0Rxr7IorKUpGE69X48q6/nOAuTJQxeQ==}
    engines: {node: '>= 10'}
    cpu: [arm64]
    os: [win32]

  '@resvg/resvg-js-win32-ia32-msvc@2.6.2':
    resolution: {integrity: sha512-har4aPAlvjnLcil40AC77YDIk6loMawuJwFINEM7n0pZviwMkMvjb2W5ZirsNOZY4aDbo5tLx0wNMREp5Brk+w==}
    engines: {node: '>= 10'}
    cpu: [ia32]
    os: [win32]

  '@resvg/resvg-js-win32-x64-msvc@2.6.2':
    resolution: {integrity: sha512-ZXtYhtUr5SSaBrUDq7DiyjOFJqBVL/dOBN7N/qmi/pO0IgiWW/f/ue3nbvu9joWE5aAKDoIzy/CxsY0suwGosQ==}
    engines: {node: '>= 10'}
    cpu: [x64]
    os: [win32]

  '@resvg/resvg-js@2.6.2':
    resolution: {integrity: sha512-xBaJish5OeGmniDj9cW5PRa/PtmuVU3ziqrbr5xJj901ZDN4TosrVaNZpEiLZAxdfnhAe7uQ7QFWfjPe9d9K2Q==}
    engines: {node: '>= 10'}

  '@stablelib/base64@1.0.1':
    resolution: {integrity: sha512-1bnPQqSxSuc3Ii6MhBysoWCg58j97aUjuCSZrGSmDxNqtytIi0k8utUenAwTZN4V5mXXYGsVUI9zeBqy+jBOSQ==}

  '@valibot/to-json-schema@1.8.0':
    resolution: {integrity: sha512-a0M+uwCuQZEPAo65NYkFSJ14O5c213KoSZmPdoCfuFvUhfULi4T2Z6Tpjv6lTVMW9RoLm74RpRAjNEa43KcN+g==}
    peerDependencies:
      valibot: ^1.5.0

  '@wasm-audio-decoders/common@9.0.7':
    resolution: {integrity: sha512-WRaUuWSKV7pkttBygml/a6dIEpatq2nnZGFIoPTc5yPLkxL6Wk4YaslPM98OPQvWacvNZ+Py9xROGDtrFBDzag==}

  '@wasm-audio-decoders/opus-ml@0.0.3':
    resolution: {integrity: sha512-SEeTmk0eb3q5etJA/NHCRWW6BivTx9tqvNTmG0kg2ynuATEQRUZnwQE6Ibvl1BBvqIGHqI57+qyJMWmJBwb5XQ==}

  '@wirecat/cli-core@0.19.3':
    resolution: {integrity: sha512-epRpcP5RZ8d6mBCAjx61Kee+quzpiOaANZZtydvuPu0R6f4gG5i7JsaJ6R4D2Czwy4CRQjmeJpGA7CDD+6n8BQ==}
    engines: {node: '>=22'}
    hasBin: true
    peerDependencies:
      commander: '>=15'
    peerDependenciesMeta:
      commander:
        optional: true

  '@wirecat/cli-meetings@0.2.1':
    resolution: {integrity: sha512-exg66m0jGHmiFf47pnTQPGhwELAsLB6+fo8Fg1XCkq09kBwTLMrGV06n+mOJJKDyPU53DfIMTQagjcvyjgsSgw==}
    engines: {node: '>=22.12.0'}

  '@wirecat/cli-messaging-onnx@1.0.0':
    resolution: {integrity: sha512-U8x0jee2htq5VaWLFeyfmV+Eq3Lv5KTKIZMjyZLnZdA56OYSYwomFAT3usHN3MlA3qCqm6v0Vn77W0OfQg/OGA==}

  '@wirecat/cli-messaging-sqlite@1.0.0':
    resolution: {integrity: sha512-xdPRDx6p8189iHUikaauadrOUro1LCxkQzwP3jV8fJpA1I6NUoVNmeE3sKVtIkSiT/6XmAPEGov4AgSCuqy6wg==}

  '@wirecat/cli-messaging@0.217.1':
    resolution: {integrity: sha512-RquJDZhh4jWXQPYmxFCIt1JgKW+A7yHuRbUdMclknOxLeMYI3mLlwnce5W99hQBvPxsD/66TdD7pysot3Ebp5w==}
    engines: {node: ^22.16.0 || >=24}
    hasBin: true
    peerDependencies:
      '@napi-rs/canvas': '>=0.1.69 <2'
      '@wirecat/cli-core': '>=0.19.0 <0.20.0'
      commander: '>=15'
      mammoth: '>=1.8.0 <2'
      unpdf: '>=1.0.0 <2'
    peerDependenciesMeta:
      '@napi-rs/canvas':
        optional: true
      mammoth:
        optional: true
      unpdf:
        optional: true

  '@wirecat/cli-messaging@0.218.0':
    resolution: {integrity: sha512-HIIUD1RCH8QE6M/cGY3+qDYpdhHouU+MY1d9Uov2LSVa+qJ1avqtcxA2z+FjHYaf/OrTKtjlFdHxWoxYQEiExQ==}
    engines: {node: ^22.16.0 || >=24}
    hasBin: true
    peerDependencies:
      '@napi-rs/canvas': '>=0.1.69 <2'
      '@wirecat/cli-core': '>=0.19.2 <0.20.0'
      commander: '>=15'
      mammoth: '>=1.8.0 <2'
      unpdf: '>=1.0.0 <2'
    peerDependenciesMeta:
      '@napi-rs/canvas':
        optional: true
      mammoth:
        optional: true
      unpdf:
        optional: true

  '@wirecat/cli-tasks@0.2.1':
    resolution: {integrity: sha512-og9li309jbYkddyNX7joec/8CfFWsz2tjz6iSlDAyZn26Qb1OlIbHfNgz+au+ttjybf/2n9mYRgKLAafRNd03g==}
    engines: {node: '>=22'}

  '@wirecat/max-cli@0.43.1':
    resolution: {integrity: sha512-nOjpWbAfa3vstV2TBXQrssAVuK8onLa2Bhd40JEbFy/T5R0aFHRmB0xWjqj+lphRMw3TX8NMi8JXoMcW6VsYBA==}
    engines: {node: ^22.16.0 || >=24}
    hasBin: true

  '@wirecat/max-cli@0.44.0':
    resolution: {integrity: sha512-jgVtiOlDRwpmXayux+j9bah/OBAjp05HZ/tdTBYf/3IY8y8OYfFGTLf3zNCIWIdZhr2NUrZuFK0n32/rflOclw==}
    engines: {node: ^22.16.0 || >=24}
    hasBin: true

  '@xmldom/xmldom@0.9.12':
    resolution: {integrity: sha512-5AXjrcMClTryPe9LgZrygpB1lj7s0S9E0+W+AHaVKAVyHanafK86iPSvG5xHVSp/jC+VH1UXu0TAEmY279xH7A==}
    engines: {node: '>=14.6'}

  ansi-regex@5.0.1:
    resolution: {integrity: sha512-quJQXlTSUGL2LH9SUXo8VwsY4soanhgo6LNSm84E1LBcE8s3O0wpdiRzyR9z/ZZJMlMWv37qOOb9pdJlMUEKFQ==}
    engines: {node: '>=8'}

  ansi-regex@6.4.0:
    resolution: {integrity: sha512-KzTVk2tCWAHtYrvvvaP8bJKJq2pVinhLcGEQdtLIYPbmNGNyYe8QwNaTUYQp2J7/vIsUKt5QCqAfUkYyG9DkOw==}
    engines: {node: '>=12'}

  ansi-styles@6.2.3:
    resolution: {integrity: sha512-4Dj6M28JB+oAH8kFkTLUo+a2jwOFkuqb3yucU0CANcRRUbxS0cP0nZYCGjcc3BNXwRIsUVmDGgzawme7zvJHvg==}
    engines: {node: '>=12'}

  atomic-sleep@1.0.0:
    resolution: {integrity: sha512-kNOjDqAh7px0XWNI+4QbzoiR/nTkHAWNud2uvnJquD1/x5a7EQZMJT0AczqK0Qn67oY/TTQ1LbUKajZpp3I9tQ==}
    engines: {node: '>=8.0.0'}

  chardet@2.2.0:
    resolution: {integrity: sha512-rddelWYNPRrXq6PtNEN2S3f6t9ILzvqaN5pVgi4kqt9jHQaXIial9PznB5iSPVlQSLNaaH22ItWz3EJtQ10+OA==}

  cli-table3@0.6.5:
    resolution: {integrity: sha512-+W/5efTR7y5HRD7gACw9yQjqMVvEMLBHmboM/kPWam+H+Hmyrgjh6YncVKK122YZkXrLudzTuAukUw9FnMf7IQ==}
    engines: {node: 10.* || >= 12.*}

  codec-parser@2.5.0:
    resolution: {integrity: sha512-Ru9t80fV8B0ZiixQl8xhMTLru+dzuis/KQld32/x5T/+3LwZb0/YvQdSKytX9JqCnRdiupvAvyYJINKrXieziQ==}

  commander@10.0.1:
    resolution: {integrity: sha512-y4Mg2tXshplEbSGzx7amzPwKKOCGuoSRP/CjEdwwk0FOGlUbq6lKuoyDZTNZkmxHdJtp54hdfY/JUrdL7Xfdug==}
    engines: {node: '>=14'}

  commander@15.0.0:
    resolution: {integrity: sha512-z67u4ZhzCL/Tydu1lJARtEZYWbWaN7oYLHbsuzocr6y4N6WZAagG3RQ4FW61V1/0+jImpj293XfrcYnd1qxtPg==}
    engines: {node: '>=22.12.0'}

  cross-spawn@7.0.6:
    resolution: {integrity: sha512-uV2QOWP2nWzsy2aMp8aRibhi9dlzF5Hgh5SHaB9OiTGEyDTiJJyx0uy51QXdyWbtAHNua4XJzUKca3OzKUd3vA==}
    engines: {node: '>= 8'}

  echarts@6.1.0:
    resolution: {integrity: sha512-q0yaFPggC9FUdsWH4blavRWFmxdrIodbkoKNAjJudAI6CA9gNPxHtV2RcZNEepZVlk4yvBYkOkbk6HIVpIyHZA==}

  emoji-regex@8.0.0:
    resolution: {integrity: sha512-MSjYzcWNOA0ewAHpz0MxpYFvwg6yjy1NG3xteoqz644VCo/RPgnr1/GGt+ic3iJTzQ8Eu3TdM14SawnVUmGE6A==}

  env-paths@4.0.0:
    resolution: {integrity: sha512-pxP8eL2SwwaTRi/KHYwLYXinDs7gL3jxFcBYmEdYfZmZXbaVDvdppd0XBU8qVz03rDfKZMXg1omHCbsJjZrMsw==}
    engines: {node: '>=20'}

  fast-sha256@1.3.0:
    resolution: {integrity: sha512-n11RGP/lrWEFI/bWdygLxhI+pVeo1ZYIVwvvPkW7azl/rOy+F3HYRZ2K5zeE9mmkhQppyv9sQFx0JM9UabnpPQ==}

  fflate@0.8.3:
    resolution: {integrity: sha512-tbZNuJrLwGUp3zshBtdy4W+ORxZuIh8a5ilyIEQDC5rY1f3U20JMry0Ll3WBzU58EZKsEuJFXhb5gwv8CsPvgA==}

  get-east-asian-width@1.7.0:
    resolution: {integrity: sha512-XjH1AECxf0giL2V1aU8vKyRR2ppRUb5c0EvT7zuJTokQ74bNo52zOtghqdWIqrhUD79fo3x0WfKZdOqxF6LG1Q==}
    engines: {node: '>=18'}

  iconv-lite@0.7.3:
    resolution: {integrity: sha512-IKXpvIzjnC9XTAUbVBcMfGS0EPaIXtW6v+zr+RRp+hqULEpo0owZax6wyRwPOJbWbzjYspQwusTsfVr0ifh4uQ==}
    engines: {node: '>=0.10.0'}

  image-size@2.0.4:
    resolution: {integrity: sha512-QRUkFFsRV/6fuESxb9Vkq+a0LkSrgKXuc2NEqfikiXxxN/G3tjWt5EVUlMaImRBZRZK/jRBEbYvpPYZL8t08Zw==}
    engines: {node: '>=18'}
    hasBin: true

  is-fullwidth-code-point@3.0.0:
    resolution: {integrity: sha512-zymm5+u+sCsSWyD9qNaejV3DFvhCKclKdizYaJUuHA83RLjb7nSuGnddCHGv0hk+KY7BMAlsWeK4Ueg6EV6XQg==}
    engines: {node: '>=8'}

  is-safe-filename@0.1.1:
    resolution: {integrity: sha512-4SrR7AdnY11LHfDKTZY1u6Ga3RuxZdl3YKWWShO5iyuG5h8QS4GD2tOb04peBJ5I7pXbR+CGBNEhTcwK+FzN3g==}
    engines: {node: '>=20'}

  isexe@2.0.0:
    resolution: {integrity: sha512-RHxMLp9lnKHGHRng9QFhRCMbYAcVpn69smSGcq3f36xjgVVWThj4qqLbTLlq7Ssj8B+fIQ1EuCEGI2lKsyQeIw==}

  json-schema-to-ts@3.1.1:
    resolution: {integrity: sha512-+DWg8jCJG2TEnpy7kOm/7/AxaYoaRbjVB4LFZLySZlWn8exGs3A4OLJR966cVvU26N7X9TWxl+Jsw7dzAqKT6g==}
    engines: {node: '>=16'}

  liquidjs@10.30.0:
    resolution: {integrity: sha512-Fw4wA+8CZsJkaeLEIlPE3AoponfjEZhj7FQvYNcAEcg7jNRik7mEMoaco382FBdrYlykVf6w4vClPNctz2OYjg==}
    engines: {node: '>=16'}
    hasBin: true

  lossless-json@4.3.0:
    resolution: {integrity: sha512-ToxOC+SsduRmdSuoLZLYAr5zy1Qu7l5XhmPWM3zefCZ5IcrzW/h108qbJUKfOlDlhvhjUK84+8PSVX0kxnit0g==}

  lossless-json@4.3.1:
    resolution: {integrity: sha512-SqD/Bg3ZfltBJ2Z14hJ/BihnvtV553WO4g9/ePtlp4lrnl9jF3AdIJt53A/Wkg/0Li+LMfxaBqgx1MiFZdQlpQ==}

  ogg-opus-decoder@1.7.5:
    resolution: {integrity: sha512-08WfRbuBBew1H63PqQ3zj2B/J0Eh9ISfNOTi+Dk6vuXmkBGSx8BiPJGOJ470EYeKezTa7/GhOAwHe3XlXwOZMw==}

  on-exit-leak-free@2.1.2:
    resolution: {integrity: sha512-0eJJY6hXLGf1udHwfNftBqH+g73EU4B504nZeKpz1sYRKafAghwxEJunB2O7rDZkL4PGfsMVnTXZ2EjibbqcsA==}
    engines: {node: '>=14.0.0'}

  onnxruntime-common@1.30.0:
    resolution: {integrity: sha512-7fdVWjAID1dVhH/G8qK3APARunV4VkBFoCQAP7qp4Wkab0mrorvmc+sqiT+mKXOzDqdjN5j+/Z9nb4gzNPWcyA==}

  opus-decoder@0.7.12:
    resolution: {integrity: sha512-6zpHFDi/MhYvMwyYiuJPqJ2lcRkfm7wHblSvT3lUtx/kLvHkunoe/rhTn1dLKxqVGLeQj3gQi7CnR0N2p3RuOg==}

  path-key@3.1.1:
    resolution: {integrity: sha512-ojmeN0qd+y0jszEtoY48r0Peq5dwMEkIlCOu6Q5f41lfkswXuKtYrhgoTpLnyIcHm24Uhqx+5Tqm2InSwLhE6Q==}
    engines: {node: '>=8'}

  picocolors@1.1.1:
    resolution: {integrity: sha512-xceH2snhtb5M9liqDsmEw56le376mTZkEX/jEb/RxNFyegNul7eNslCXP9FDj/Lcu0X8KEyMceP2ntpaHrDEVA==}

  pino-abstract-transport@3.0.0:
    resolution: {integrity: sha512-wlfUczU+n7Hy/Ha5j9a/gZNy7We5+cXp8YL+X+PG8S0KXxw7n/JXA3c46Y0zQznIJ83URJiwy7Lh56WLokNuxg==}

  pino-std-serializers@7.1.0:
    resolution: {integrity: sha512-BndPH67/JxGExRgiX1dX0w1FvZck5Wa4aal9198SrRhZjH3GxKQUKIBnYJTdj2HDN3UQAS06HlfcSbQj2OHmaw==}

  pino@10.4.0:
    resolution: {integrity: sha512-bk1ZMTwG/Vymx+zPoa28MhNzucFvXJWp3csrSuxuHPSMeUettaCoQ5Jvg07mtC4JGNpcfTwz41oVCnNgBK9+vA==}
    hasBin: true

  process-warning@5.1.0:
    resolution: {integrity: sha512-jQSaVHsPgtyw60e1rQ/A+/ArPEj/S8pS/vFnyGa/gYFXrKk/6RuDkoqVDQ5NI5MmS01698ltlAk0NoDBNLujRw==}

  qrcode-generator@2.0.4:
    resolution: {integrity: sha512-mZSiP6RnbHl4xL2Ap5HfkjLnmxfKcPWpWe/c+5XxCuetEenqmNFf1FH/ftXPCtFG5/TDobjsjz6sSNL0Sr8Z9g==}

  quick-format-unescaped@4.0.4:
    resolution: {integrity: sha512-tYC1Q1hgyRuHgloV/YXs2w15unPVh8qfu/qCTfhTYamaw7fyhumKa2yGpdSo87vY32rIclj+4fWYQXUMs9EHvg==}

  real-require@1.0.0:
    resolution: {integrity: sha512-P4nbQYQfePJxRSmY+v/KINxVucm4NF3p3s7pJveMTtom52FR4YGltUQLB8idDXwDDWW+eYrWDFbuzUnjoWHF7g==}

  safe-stable-stringify@2.5.0:
    resolution: {integrity: sha512-b3rppTKm9T+PsVCBEOUR46GWI7fdOs00VKZ1+9c1EWDaDMvjQc6tUwuFyIprgGgTcWoVHSKrU8H31ZHA2e0RHA==}
    engines: {node: '>=10'}

  safer-buffer@2.1.2:
    resolution: {integrity: sha512-YZo3K82SD7Riyi0E1EQPojLz7kpepnSQI9IyPbHHg1XXXevb5dJI7tpyN2ADxGcQbHG7vcyRHk0cbwqcQriUtg==}

  shebang-command@2.0.0:
    resolution: {integrity: sha512-kHxr2zZpYtdmrN1qDjrrX/Z1rR1kG8Dx+gkpK1G4eXmvXswmcE1hTWBWYUzlraYw1/yZp6YuDY77YtvbN0dmDA==}
    engines: {node: '>=8'}

  shebang-regex@3.0.0:
    resolution: {integrity: sha512-7++dFhtcx3353uBaq8DDR4NuxBetBzC7ZQOhmTQInHEd6bSrXdiEyzCvG07Z44UYdLShWUyXt5M/yhz8ekcb1A==}
    engines: {node: '>=8'}

  sherpa-onnx@1.13.8:
    resolution: {integrity: sha512-bsZ7K55hNakFbCVIrCsuwEFLLiWa/1/KI6dXEK3CwtI6N/j/Zc1LMheo1syMJhG0e4gu7MXPwbtKfbm44BQYIg==}

  simple-yenc@1.0.4:
    resolution: {integrity: sha512-5gvxpSd79e9a3V4QDYUqnqxeD4HGlhCakVpb6gMnDD7lexJggSBJRBO5h52y/iJrdXRilX9UCuDaIJhSWm5OWw==}

  sonic-boom@4.2.1:
    resolution: {integrity: sha512-w6AxtubXa2wTXAUsZMMWERrsIRAdrK0Sc+FUytWvYAhBJLyuI4llrMIC1DtlNSdI99EI86KZum2MMq3EAZlF9Q==}

  split2@4.2.0:
    resolution: {integrity: sha512-UcjcJOWknrNkF6PLX83qcHM6KHgVKNkV62Y8a5uYDVv9ydGQVwAHMKqHdJje1VTWpljG0WYpCDhrCdAOYH4TWg==}
    engines: {node: '>= 10.x'}

  standardwebhooks@1.1.1:
    resolution: {integrity: sha512-bCbX9ZEyFkWPsRz7Bl3NuQUJohmwGSev/yhr7vhaGPlc4AfIrspIRa6cPTBuI1ItmrTDJ4d/S2hCsfe4+vQGnQ==}

  string-width@4.2.3:
    resolution: {integrity: sha512-wKyQRQpjJ0sIp62ErSZdGsjMJWsap5oRNihHhu6G7JVO/9jIB6UyevL+tXuOqrng8j/cxKTWyWUwvSTriiZz/g==}
    engines: {node: '>=8'}

  string-width@8.3.0:
    resolution: {integrity: sha512-ZbmZM0JCihQN91dWnxoipT2KOEyHqEyfRXUyjuRhW8b/xnqPDoq4gWEVApTVa9db2wN8mmoikgFBbjh71+cGeQ==}
    engines: {node: '>=20'}

  strip-ansi@6.0.1:
    resolution: {integrity: sha512-Y38VPSHcqkFrCpFnQ9vuSXmquuv5oXOKpGeT6aGrr3o3Gc9AlVa6JBfUSOCnbxGGZF+/0ooI7KrPuUSztUdU5A==}
    engines: {node: '>=8'}

  strip-ansi@7.2.0:
    resolution: {integrity: sha512-yDPMNjp4WyfYBkHnjIRLfca1i6KMyGCtsVgoKe/z1+6vukgaENdgGBZt+ZmKPc4gavvEZ5OgHfHdrazhgNyG7w==}
    engines: {node: '>=12'}

  thread-stream@4.2.0:
    resolution: {integrity: sha512-e2zZ96wSChazBsbENf/Pcm/4swHt2cEKQ92rhUjkL9GCKiTDJIaTBenjE/m9DXi0QBmTMDkFDdOomUy20A1tDQ==}
    engines: {node: '>=20'}

  ts-algebra@2.0.0:
    resolution: {integrity: sha512-FPAhNPFMrkwz76P7cdjdmiShwMynZYN6SgOujD1urY4oNm80Ou9oMdmbR45LotcKOXoy7wSmHkRFE6Mxbrhefw==}

  tslib@2.3.0:
    resolution: {integrity: sha512-N82ooyxVNm6h1riLCoyS9e3fuJ3AMG2zIZs2Gd1ATcSFjSA23Q0fzjjZeh0jbJvWVDZ0cJT8yaNNaaXHzueNjg==}

  valibot@1.5.0:
    resolution: {integrity: sha512-nil6AkP2TChWL43Z5uJ6GTxX01CUA+g8LWUM+N/rB9NBbkUMaUsi9PUNzlUPgoKASgmx9f7eGOYpJ04/fSa6FQ==}
    peerDependencies:
      typescript: '>=5'
    peerDependenciesMeta:
      typescript:
        optional: true

  which@2.0.2:
    resolution: {integrity: sha512-BLI3Tl1TW3Pvl70l3yq3Y64i+awpwXqsGBYWkkqMtnbXgrMD+yj7rhW0kuEDxzJaYXGjEW5ogapKNMEKNMjibA==}
    engines: {node: '>= 8'}
    hasBin: true

  wrap-ansi@10.0.2:
    resolution: {integrity: sha512-6OLRNZqRntVGBm26ghZ5eZhCuWWyOkRCSn8XsOIuq5stpCE/tjLbdozd93naILZig0lmD8ANfRwnhn0DLeXGlg==}
    engines: {node: '>=20'}

  ws@8.21.3:
    resolution: {integrity: sha512-201TZ/kPWxoPr/OKWjquZR1SWKXcvxdH+e1xrx89b3YbmzLMFCLfnaG1HFIgWzJOEWZ7MvpK++odZufgYR50Rw==}
    engines: {node: '>=10.0.0'}
    peerDependencies:
      bufferutil: ^4.0.1
      utf-8-validate: '>=5.0.2'
    peerDependenciesMeta:
      bufferutil:
        optional: true
      utf-8-validate:
        optional: true

  yaml@2.9.1:
    resolution: {integrity: sha512-3NxN8+78OdzbT7C/WjGsyfPAtJaN3FNDsWxv7Y7mcDsT/oOmgW8BpyQQFFBnvZE3j9Y2Sdz1ULFLezL7Eb2yFw==}
    engines: {node: '>= 14.6'}
    hasBin: true

  zod@4.6.5:
    resolution: {integrity: sha512-v5l/aFXZQeai4awLbOpSoHecE9UiMrnfx75tEXLjNonXVARxQ5mOeipTjROUchszUNCqnE+hqAMujRsRHsut2Q==}

  zrender@6.1.0:
    resolution: {integrity: sha512-oEGMDB6pOP2S6OwRR4PdVv610zrjnA3Bh+JnSG12fYJlBKjtNAoEb5fSUoCOOINlH96I2fU38/A2UpRKs67xYQ==}

snapshots:

  '@anthropic-ai/sdk@0.131.0(zod@4.6.5)':
    dependencies:
      json-schema-to-ts: 3.1.1
      standardwebhooks: 1.1.1
    optionalDependencies:
      zod: 4.6.5

  '@babel/runtime@7.29.10': {}

  '@bomb.sh/tab@0.0.22(commander@15.0.0)':
    optionalDependencies:
      commander: 15.0.0

  '@colors/colors@1.5.0':
    optional: true

  '@eshaz/web-worker@1.2.2': {}

  '@huggingface/tokenizers@0.2.0': {}

  '@modelcontextprotocol/core@2.1.0':
    dependencies:
      zod: 4.6.5

  '@modelcontextprotocol/server@2.1.0':
    dependencies:
      '@modelcontextprotocol/core': 2.1.0
      zod: 4.6.5

  '@msgpack/msgpack@3.1.3': {}

  '@napi-rs/keyring-darwin-arm64@2.1.0':
    optional: true

  '@napi-rs/keyring-darwin-x64@2.1.0':
    optional: true

  '@napi-rs/keyring-freebsd-x64@2.1.0':
    optional: true

  '@napi-rs/keyring-linux-arm-gnueabihf@2.1.0':
    optional: true

  '@napi-rs/keyring-linux-arm64-gnu@2.1.0':
    optional: true

  '@napi-rs/keyring-linux-arm64-musl@2.1.0':
    optional: true

  '@napi-rs/keyring-linux-riscv64-gnu@2.1.0':
    optional: true

  '@napi-rs/keyring-linux-x64-gnu@2.1.0':
    optional: true

  '@napi-rs/keyring-linux-x64-musl@2.1.0':
    optional: true

  '@napi-rs/keyring-win32-arm64-msvc@2.1.0':
    optional: true

  '@napi-rs/keyring-win32-ia32-msvc@2.1.0':
    optional: true

  '@napi-rs/keyring-win32-x64-msvc@2.1.0':
    optional: true

  '@napi-rs/keyring@2.1.0':
    optionalDependencies:
      '@napi-rs/keyring-darwin-arm64': 2.1.0
      '@napi-rs/keyring-darwin-x64': 2.1.0
      '@napi-rs/keyring-freebsd-x64': 2.1.0
      '@napi-rs/keyring-linux-arm-gnueabihf': 2.1.0
      '@napi-rs/keyring-linux-arm64-gnu': 2.1.0
      '@napi-rs/keyring-linux-arm64-musl': 2.1.0
      '@napi-rs/keyring-linux-riscv64-gnu': 2.1.0
      '@napi-rs/keyring-linux-x64-gnu': 2.1.0
      '@napi-rs/keyring-linux-x64-musl': 2.1.0
      '@napi-rs/keyring-win32-arm64-msvc': 2.1.0
      '@napi-rs/keyring-win32-ia32-msvc': 2.1.0
      '@napi-rs/keyring-win32-x64-msvc': 2.1.0
    optional: true

  '@pinojs/redact@0.4.0': {}

  '@resvg/resvg-js-android-arm-eabi@2.6.2':
    optional: true

  '@resvg/resvg-js-android-arm64@2.6.2':
    optional: true

  '@resvg/resvg-js-darwin-arm64@2.6.2':
    optional: true

  '@resvg/resvg-js-darwin-x64@2.6.2':
    optional: true

  '@resvg/resvg-js-linux-arm-gnueabihf@2.6.2':
    optional: true

  '@resvg/resvg-js-linux-arm64-gnu@2.6.2':
    optional: true

  '@resvg/resvg-js-linux-arm64-musl@2.6.2':
    optional: true

  '@resvg/resvg-js-linux-x64-gnu@2.6.2':
    optional: true

  '@resvg/resvg-js-linux-x64-musl@2.6.2':
    optional: true

  '@resvg/resvg-js-win32-arm64-msvc@2.6.2':
    optional: true

  '@resvg/resvg-js-win32-ia32-msvc@2.6.2':
    optional: true

  '@resvg/resvg-js-win32-x64-msvc@2.6.2':
    optional: true

  '@resvg/resvg-js@2.6.2':
    optionalDependencies:
      '@resvg/resvg-js-android-arm-eabi': 2.6.2
      '@resvg/resvg-js-android-arm64': 2.6.2
      '@resvg/resvg-js-darwin-arm64': 2.6.2
      '@resvg/resvg-js-darwin-x64': 2.6.2
      '@resvg/resvg-js-linux-arm-gnueabihf': 2.6.2
      '@resvg/resvg-js-linux-arm64-gnu': 2.6.2
      '@resvg/resvg-js-linux-arm64-musl': 2.6.2
      '@resvg/resvg-js-linux-x64-gnu': 2.6.2
      '@resvg/resvg-js-linux-x64-musl': 2.6.2
      '@resvg/resvg-js-win32-arm64-msvc': 2.6.2
      '@resvg/resvg-js-win32-ia32-msvc': 2.6.2
      '@resvg/resvg-js-win32-x64-msvc': 2.6.2

  '@stablelib/base64@1.0.1': {}

  '@valibot/to-json-schema@1.8.0(valibot@1.5.0)':
    dependencies:
      valibot: 1.5.0

  '@wasm-audio-decoders/common@9.0.7':
    dependencies:
      '@eshaz/web-worker': 1.2.2
      simple-yenc: 1.0.4

  '@wasm-audio-decoders/opus-ml@0.0.3':
    dependencies:
      '@wasm-audio-decoders/common': 9.0.7

  '@wirecat/cli-core@0.19.3(commander@15.0.0)':
    dependencies:
      cli-table3: 0.6.5
      cross-spawn: 7.0.6
      env-paths: 4.0.0
      picocolors: 1.1.1
      pino: 10.4.0
      valibot: 1.5.0
    optionalDependencies:
      '@napi-rs/keyring': 2.1.0
      commander: 15.0.0
    transitivePeerDependencies:
      - typescript

  '@wirecat/cli-meetings@0.2.1':
    dependencies:
      commander: 15.0.0

  '@wirecat/cli-messaging-onnx@1.0.0':
    dependencies:
      onnxruntime-common: 1.30.0

  '@wirecat/cli-messaging-sqlite@1.0.0': {}

  '@wirecat/cli-messaging@0.217.1(@wirecat/cli-core@0.19.3(commander@15.0.0))(commander@15.0.0)(zod@4.6.5)':
    dependencies:
      '@anthropic-ai/sdk': 0.131.0(zod@4.6.5)
      '@bomb.sh/tab': 0.0.22(commander@15.0.0)
      '@huggingface/tokenizers': 0.2.0
      '@modelcontextprotocol/server': 2.1.0
      '@resvg/resvg-js': 2.6.2
      '@valibot/to-json-schema': 1.8.0(valibot@1.5.0)
      '@wirecat/cli-core': 0.19.3(commander@15.0.0)
      '@wirecat/cli-messaging-onnx': 1.0.0
      '@wirecat/cli-messaging-sqlite': 1.0.0
      '@wirecat/cli-tasks': 0.2.1
      '@xmldom/xmldom': 0.9.12
      chardet: 2.2.0
      commander: 15.0.0
      echarts: 6.1.0
      fflate: 0.8.3
      iconv-lite: 0.7.3
      image-size: 2.0.4
      liquidjs: 10.30.0
      lossless-json: 4.3.0
      ogg-opus-decoder: 1.7.5
      qrcode-generator: 2.0.4
      sherpa-onnx: 1.13.8
      string-width: 8.3.0
      valibot: 1.5.0
      wrap-ansi: 10.0.2
      yaml: 2.9.1
    transitivePeerDependencies:
      - cac
      - citty
      - typescript
      - zod

  '@wirecat/cli-messaging@0.218.0(@wirecat/cli-core@0.19.3(commander@15.0.0))(commander@15.0.0)(zod@4.6.5)':
    dependencies:
      '@anthropic-ai/sdk': 0.131.0(zod@4.6.5)
      '@bomb.sh/tab': 0.0.22(commander@15.0.0)
      '@huggingface/tokenizers': 0.2.0
      '@modelcontextprotocol/server': 2.1.0
      '@resvg/resvg-js': 2.6.2
      '@valibot/to-json-schema': 1.8.0(valibot@1.5.0)
      '@wirecat/cli-core': 0.19.3(commander@15.0.0)
      '@wirecat/cli-meetings': 0.2.1
      '@wirecat/cli-messaging-onnx': 1.0.0
      '@wirecat/cli-messaging-sqlite': 1.0.0
      '@wirecat/cli-tasks': 0.2.1
      '@xmldom/xmldom': 0.9.12
      chardet: 2.2.0
      commander: 15.0.0
      echarts: 6.1.0
      fflate: 0.8.3
      iconv-lite: 0.7.3
      image-size: 2.0.4
      liquidjs: 10.30.0
      lossless-json: 4.3.0
      ogg-opus-decoder: 1.7.5
      qrcode-generator: 2.0.4
      sherpa-onnx: 1.13.8
      string-width: 8.3.0
      valibot: 1.5.0
      wrap-ansi: 10.0.2
      yaml: 2.9.1
    transitivePeerDependencies:
      - cac
      - citty
      - typescript
      - zod

  '@wirecat/cli-tasks@0.2.1': {}

  '@wirecat/max-cli@0.43.1(zod@4.6.5)':
    dependencies:
      '@modelcontextprotocol/server': 2.1.0
      '@msgpack/msgpack': 3.1.3
      '@valibot/to-json-schema': 1.8.0(valibot@1.5.0)
      '@wirecat/cli-core': 0.19.3(commander@15.0.0)
      '@wirecat/cli-messaging': 0.217.1(@wirecat/cli-core@0.19.3(commander@15.0.0))(commander@15.0.0)(zod@4.6.5)
      commander: 15.0.0
      lossless-json: 4.3.1
      ogg-opus-decoder: 1.7.5
      qrcode-generator: 2.0.4
      sherpa-onnx: 1.13.8
      string-width: 8.3.0
      valibot: 1.5.0
      wrap-ansi: 10.0.2
      ws: 8.21.3
    transitivePeerDependencies:
      - '@napi-rs/canvas'
      - bufferutil
      - cac
      - citty
      - mammoth
      - typescript
      - unpdf
      - utf-8-validate
      - zod

  '@wirecat/max-cli@0.44.0(zod@4.6.5)':
    dependencies:
      '@modelcontextprotocol/server': 2.1.0
      '@msgpack/msgpack': 3.1.3
      '@valibot/to-json-schema': 1.8.0(valibot@1.5.0)
      '@wirecat/cli-core': 0.19.3(commander@15.0.0)
      '@wirecat/cli-messaging': 0.218.0(@wirecat/cli-core@0.19.3(commander@15.0.0))(commander@15.0.0)(zod@4.6.5)
      commander: 15.0.0
      lossless-json: 4.3.1
      ogg-opus-decoder: 1.7.5
      qrcode-generator: 2.0.4
      sherpa-onnx: 1.13.8
      string-width: 8.3.0
      valibot: 1.5.0
      wrap-ansi: 10.0.2
      ws: 8.21.3
    transitivePeerDependencies:
      - '@napi-rs/canvas'
      - bufferutil
      - cac
      - citty
      - mammoth
      - typescript
      - unpdf
      - utf-8-validate
      - zod

  '@xmldom/xmldom@0.9.12': {}

  ansi-regex@5.0.1: {}

  ansi-regex@6.4.0: {}

  ansi-styles@6.2.3: {}

  atomic-sleep@1.0.0: {}

  chardet@2.2.0: {}

  cli-table3@0.6.5:
    dependencies:
      string-width: 4.2.3
    optionalDependencies:
      '@colors/colors': 1.5.0

  codec-parser@2.5.0: {}

  commander@10.0.1: {}

  commander@15.0.0: {}

  cross-spawn@7.0.6:
    dependencies:
      path-key: 3.1.1
      shebang-command: 2.0.0
      which: 2.0.2

  echarts@6.1.0:
    dependencies:
      tslib: 2.3.0
      zrender: 6.1.0

  emoji-regex@8.0.0: {}

  env-paths@4.0.0:
    dependencies:
      is-safe-filename: 0.1.1

  fast-sha256@1.3.0: {}

  fflate@0.8.3: {}

  get-east-asian-width@1.7.0: {}

  iconv-lite@0.7.3:
    dependencies:
      safer-buffer: 2.1.2

  image-size@2.0.4: {}

  is-fullwidth-code-point@3.0.0: {}

  is-safe-filename@0.1.1: {}

  isexe@2.0.0: {}

  json-schema-to-ts@3.1.1:
    dependencies:
      '@babel/runtime': 7.29.10
      ts-algebra: 2.0.0

  liquidjs@10.30.0:
    dependencies:
      commander: 10.0.1

  lossless-json@4.3.0: {}

  lossless-json@4.3.1: {}

  ogg-opus-decoder@1.7.5:
    dependencies:
      '@wasm-audio-decoders/common': 9.0.7
      '@wasm-audio-decoders/opus-ml': 0.0.3
      codec-parser: 2.5.0
      opus-decoder: 0.7.12

  on-exit-leak-free@2.1.2: {}

  onnxruntime-common@1.30.0: {}

  opus-decoder@0.7.12:
    dependencies:
      '@wasm-audio-decoders/common': 9.0.7

  path-key@3.1.1: {}

  picocolors@1.1.1: {}

  pino-abstract-transport@3.0.0:
    dependencies:
      split2: 4.2.0

  pino-std-serializers@7.1.0: {}

  pino@10.4.0:
    dependencies:
      '@pinojs/redact': 0.4.0
      atomic-sleep: 1.0.0
      on-exit-leak-free: 2.1.2
      pino-abstract-transport: 3.0.0
      pino-std-serializers: 7.1.0
      process-warning: 5.1.0
      quick-format-unescaped: 4.0.4
      real-require: 1.0.0
      safe-stable-stringify: 2.5.0
      sonic-boom: 4.2.1
      thread-stream: 4.2.0

  process-warning@5.1.0: {}

  qrcode-generator@2.0.4: {}

  quick-format-unescaped@4.0.4: {}

  real-require@1.0.0: {}

  safe-stable-stringify@2.5.0: {}

  safer-buffer@2.1.2: {}

  shebang-command@2.0.0:
    dependencies:
      shebang-regex: 3.0.0

  shebang-regex@3.0.0: {}

  sherpa-onnx@1.13.8: {}

  simple-yenc@1.0.4: {}

  sonic-boom@4.2.1:
    dependencies:
      atomic-sleep: 1.0.0

  split2@4.2.0: {}

  standardwebhooks@1.1.1:
    dependencies:
      '@stablelib/base64': 1.0.1
      fast-sha256: 1.3.0

  string-width@4.2.3:
    dependencies:
      emoji-regex: 8.0.0
      is-fullwidth-code-point: 3.0.0
      strip-ansi: 6.0.1

  string-width@8.3.0:
    dependencies:
      get-east-asian-width: 1.7.0
      strip-ansi: 7.2.0

  strip-ansi@6.0.1:
    dependencies:
      ansi-regex: 5.0.1

  strip-ansi@7.2.0:
    dependencies:
      ansi-regex: 6.4.0

  thread-stream@4.2.0:
    dependencies:
      real-require: 1.0.0

  ts-algebra@2.0.0: {}

  tslib@2.3.0: {}

  valibot@1.5.0: {}

  which@2.0.2:
    dependencies:
      isexe: 2.0.0

  wrap-ansi@10.0.2:
    dependencies:
      ansi-styles: 6.2.3
      string-width: 8.3.0

  ws@8.21.3: {}

  yaml@2.9.1: {}

  zod@4.6.5: {}

  zrender@6.1.0:
    dependencies:
      tslib: 2.3.0
